
Microsoft Visual Studio Solution File, Format Version 12.00
# Visual Studio 15
VisualStudioVersion = 15.0.27130.2036
MinimumVisualStudioVersion = 10.0.40219.1
Project("{FAE04EC0-301F-11D3-BF4B-00C04F79EFBC}") = "MemoryCache", "MemoryCache\MemoryCache.csproj", "{CB808B5D-B734-454E-B08A-ECE45AC59C15}"
EndProject
Global
	GlobalSection(SolutionConfigurationPlatforms) = preSolution
		Debug|Any CPU = Debug|Any CPU
		Release|Any CPU = Release|Any CPU
	EndGlobalSection
	GlobalSection(ProjectConfigurationPlatforms) = postSolution
		{CB808B5D-B734-454E-B08A-ECE45AC59C15}.Debug|Any CPU.ActiveCfg = Debug|Any CPU
		{CB808B5D-B734-454E-B08A-ECE45AC59C15}.Debug|Any CPU.Build.0 = Debug|Any CPU
		{CB808B5D-B734-454E-B08A-ECE45AC59C15}.Release|Any CPU.ActiveCfg = Release|Any CPU
		{CB808B5D-B734-454E-B08A-ECE45AC59C15}.Release|Any CPU.Build.0 = Release|Any CPU
	EndGlobalSection
	GlobalSection(SolutionProperties) = preSolution
		HideSolutionNode = FALSE
	EndGlobalSection
	GlobalSection(ExtensibilityGlobals) = postSolution
		SolutionGuid = {C264DAD6-85A4-40B6-9759-0F6ECADC81AB}
	EndGlobalSection
EndGlobal
